
Microsoft Visual Studio Solution File, Format Version 12.00
# Visual Studio Version 16
VisualStudioVersion = 16.0.30225.117
MinimumVisualStudioVersion = 10.0.40219.1
Project("{FAE04EC0-301F-11D3-BF4B-00C04F79EFBC}") = "ETicaretSitesiStaj", "ETicaretSitesiStaj\ETicaretSitesiStaj.csproj", "{050D064A-25A9-46CC-BD47-B30D5CBFF312}"
EndProject
Global
	GlobalSection(SolutionConfigurationPlatforms) = preSolution
		Debug|Any CPU = Debug|Any CPU
		Release|Any CPU = Release|Any CPU
	EndGlobalSection
	GlobalSection(ProjectConfigurationPlatforms) = postSolution
		{050D064A-25A9-46CC-BD47-B30D5CBFF312}.Debug|Any CPU.ActiveCfg = Debug|Any CPU
		{050D064A-25A9-46CC-BD47-B30D5CBFF312}.Debug|Any CPU.Build.0 = Debug|Any CPU
		{050D064A-25A9-46CC-BD47-B30D5CBFF312}.Release|Any CPU.ActiveCfg = Release|Any CPU
		{050D064A-25A9-46CC-BD47-B30D5CBFF312}.Release|Any CPU.Build.0 = Release|Any CPU
	EndGlobalSection
	GlobalSection(SolutionProperties) = preSolution
		HideSolutionNode = FALSE
	EndGlobalSection
	GlobalSection(ExtensibilityGlobals) = postSolution
		SolutionGuid = {8881356A-E78F-40A3-89F3-EC471D2FD047}
	EndGlobalSection
EndGlobal
